
Microsoft Visual Studio Solution File, Format Version 12.00
# Visual Studio Version 16
VisualStudioVersion = 16.0.32510.428
MinimumVisualStudioVersion = 10.0.40219.1
Project("{9A19103F-16F7-4668-BE54-9A1E7A4F7556}") = "APIPKNhaKhoa", "APIPKNhaKhoa.csproj", "{E7303D79-9E4D-40C3-AB51-4E4EE35B6337}"
EndProject
Project("{9A19103F-16F7-4668-BE54-9A1E7A4F7556}") = "Model", "..\Model\Model.csproj", "{4F6EF497-BEE9-4365-9721-91079370BED3}"
EndProject
Project("{9A19103F-16F7-4668-BE54-9A1E7A4F7556}") = "DAL", "..\DAL\DAL.csproj", "{064EC866-77F3-4B38-A8C1-6993F12D1A04}"
EndProject
Project("{9A19103F-16F7-4668-BE54-9A1E7A4F7556}") = "BLL", "..\BLL\BLL.csproj", "{3ADDDFDE-1E9B-43B2-A84A-7879DE8044AC}"
EndProject
Global
	GlobalSection(SolutionConfigurationPlatforms) = preSolution
		Debug|Any CPU = Debug|Any CPU
		Release|Any CPU = Release|Any CPU
	EndGlobalSection
	GlobalSection(ProjectConfigurationPlatforms) = postSolution
		{E7303D79-9E4D-40C3-AB51-4E4EE35B6337}.Debug|Any CPU.ActiveCfg = Debug|Any CPU
		{E7303D79-9E4D-40C3-AB51-4E4EE35B6337}.Debug|Any CPU.Build.0 = Debug|Any CPU
		{E7303D79-9E4D-40C3-AB51-4E4EE35B6337}.Release|Any CPU.ActiveCfg = Release|Any CPU
		{E7303D79-9E4D-40C3-AB51-4E4EE35B6337}.Release|Any CPU.Build.0 = Release|Any CPU
		{4F6EF497-BEE9-4365-9721-91079370BED3}.Debug|Any CPU.ActiveCfg = Debug|Any CPU
		{4F6EF497-BEE9-4365-9721-91079370BED3}.Debug|Any CPU.Build.0 = Debug|Any CPU
		{4F6EF497-BEE9-4365-9721-91079370BED3}.Release|Any CPU.ActiveCfg = Release|Any CPU
		{4F6EF497-BEE9-4365-9721-91079370BED3}.Release|Any CPU.Build.0 = Release|Any CPU
		{064EC866-77F3-4B38-A8C1-6993F12D1A04}.Debug|Any CPU.ActiveCfg = Debug|Any CPU
		{064EC866-77F3-4B38-A8C1-6993F12D1A04}.Debug|Any CPU.Build.0 = Debug|Any CPU
		{064EC866-77F3-4B38-A8C1-6993F12D1A04}.Release|Any CPU.ActiveCfg = Release|Any CPU
		{064EC866-77F3-4B38-A8C1-6993F12D1A04}.Release|Any CPU.Build.0 = Release|Any CPU
		{3ADDDFDE-1E9B-43B2-A84A-7879DE8044AC}.Debug|Any CPU.ActiveCfg = Debug|Any CPU
		{3ADDDFDE-1E9B-43B2-A84A-7879DE8044AC}.Debug|Any CPU.Build.0 = Debug|Any CPU
		{3ADDDFDE-1E9B-43B2-A84A-7879DE8044AC}.Release|Any CPU.ActiveCfg = Release|Any CPU
		{3ADDDFDE-1E9B-43B2-A84A-7879DE8044AC}.Release|Any CPU.Build.0 = Release|Any CPU
	EndGlobalSection
	GlobalSection(SolutionProperties) = preSolution
		HideSolutionNode = FALSE
	EndGlobalSection
	GlobalSection(ExtensibilityGlobals) = postSolution
		SolutionGuid = {B4FC43F1-8558-4BB5-999D-BA282ABD37AB}
	EndGlobalSection
EndGlobal
